
Microsoft Visual Studio Solution File, Format Version 12.00
# Visual Studio Version 16
VisualStudioVersion = 16.0.30621.155
MinimumVisualStudioVersion = 10.0.40219.1
Project("{FAE04EC0-301F-11D3-BF4B-00C04F79EFBC}") = "ReactDemo1", "ReactDemo1.csproj", "{C8BE2CF7-7838-4BB4-BCAF-25E68393D652}"
EndProject
Global
	GlobalSection(SolutionConfigurationPlatforms) = preSolution
		Debug|Any CPU = Debug|Any CPU
		Release|Any CPU = Release|Any CPU
	EndGlobalSection
	GlobalSection(ProjectConfigurationPlatforms) = postSolution
		{C8BE2CF7-7838-4BB4-BCAF-25E68393D652}.Debug|Any CPU.ActiveCfg = Debug|Any CPU
		{C8BE2CF7-7838-4BB4-BCAF-25E68393D652}.Debug|Any CPU.Build.0 = Debug|Any CPU
		{C8BE2CF7-7838-4BB4-BCAF-25E68393D652}.Release|Any CPU.ActiveCfg = Release|Any CPU
		{C8BE2CF7-7838-4BB4-BCAF-25E68393D652}.Release|Any CPU.Build.0 = Release|Any CPU
	EndGlobalSection
	GlobalSection(SolutionProperties) = preSolution
		HideSolutionNode = FALSE
	EndGlobalSection
	GlobalSection(ExtensibilityGlobals) = postSolution
		SolutionGuid = {6EA94A44-8FE1-4B6C-8CB3-8CDE9A580A97}
	EndGlobalSection
EndGlobal
